
Microsoft Visual Studio Solution File, Format Version 12.00
# Visual Studio 15
VisualStudioVersion = 15.0.27130.2027
MinimumVisualStudioVersion = 10.0.40219.1
Project("{9A19103F-16F7-4668-BE54-9A1E7A4F7556}") = "JiraConnector", "JiraConnector\JiraConnector.csproj", "{B71EF083-7372-4020-A6F6-FA5B415EF742}"
EndProject
Project("{9A19103F-16F7-4668-BE54-9A1E7A4F7556}") = "JiraConnector.Test", "JiraConnector.Test\JiraConnector.Test.csproj", "{B9BA4A4D-5763-48A0-B92C-6838170FF385}"
EndProject
Project("{2150E333-8FDC-42A3-9474-1A3956D46DE8}") = "Domain", "Domain", "{3F10ACC5-DB56-4B6B-A43C-081E70AB0955}"
EndProject
Project("{9A19103F-16F7-4668-BE54-9A1E7A4F7556}") = "Jira", "Jira\Jira.csproj", "{FBB69772-64CC-48B0-A1F3-03D194FF178C}"
EndProject
Project("{2150E333-8FDC-42A3-9474-1A3956D46DE8}") = "Services", "Services", "{9AF452CC-2729-497E-B1C5-3F870321409D}"
EndProject
Project("{9A19103F-16F7-4668-BE54-9A1E7A4F7556}") = "eaSI3Web", "eaSI3Web\eaSI3Web.csproj", "{1EF5FD26-FBD3-4A41-87F7-C52E7C440A63}"
EndProject
Project("{9A19103F-16F7-4668-BE54-9A1E7A4F7556}") = "SI3", "SI3\SI3.csproj", "{F6B855F8-721E-474B-8CE8-46ECEDD6F465}"
EndProject
Project("{9A19103F-16F7-4668-BE54-9A1E7A4F7556}") = "SI3Connector", "SI3Connector\SI3Connector.csproj", "{5080E249-7415-4D5C-A41F-1B6FF59BD74D}"
EndProject
Project("{9A19103F-16F7-4668-BE54-9A1E7A4F7556}") = "IssueConveter", "IssueConveter\IssueConveter.csproj", "{53379D54-EB69-446E-A728-18B82BB38220}"
EndProject
Project("{9A19103F-16F7-4668-BE54-9A1E7A4F7556}") = "SI3Connector.Test", "SI3Connector.Test\SI3Connector.Test.csproj", "{FC57DB4C-624D-4F9F-81F9-3F363678B8C1}"
EndProject
Global
	GlobalSection(SolutionConfigurationPlatforms) = preSolution
		Debug|Any CPU = Debug|Any CPU
		Release|Any CPU = Release|Any CPU
	EndGlobalSection
	GlobalSection(ProjectConfigurationPlatforms) = postSolution
		{B71EF083-7372-4020-A6F6-FA5B415EF742}.Debug|Any CPU.ActiveCfg = Debug|Any CPU
		{B71EF083-7372-4020-A6F6-FA5B415EF742}.Debug|Any CPU.Build.0 = Debug|Any CPU
		{B71EF083-7372-4020-A6F6-FA5B415EF742}.Release|Any CPU.ActiveCfg = Release|Any CPU
		{B71EF083-7372-4020-A6F6-FA5B415EF742}.Release|Any CPU.Build.0 = Release|Any CPU
		{B9BA4A4D-5763-48A0-B92C-6838170FF385}.Debug|Any CPU.ActiveCfg = Debug|Any CPU
		{B9BA4A4D-5763-48A0-B92C-6838170FF385}.Debug|Any CPU.Build.0 = Debug|Any CPU
		{B9BA4A4D-5763-48A0-B92C-6838170FF385}.Release|Any CPU.ActiveCfg = Release|Any CPU
		{B9BA4A4D-5763-48A0-B92C-6838170FF385}.Release|Any CPU.Build.0 = Release|Any CPU
		{FBB69772-64CC-48B0-A1F3-03D194FF178C}.Debug|Any CPU.ActiveCfg = Debug|Any CPU
		{FBB69772-64CC-48B0-A1F3-03D194FF178C}.Debug|Any CPU.Build.0 = Debug|Any CPU
		{FBB69772-64CC-48B0-A1F3-03D194FF178C}.Release|Any CPU.ActiveCfg = Release|Any CPU
		{FBB69772-64CC-48B0-A1F3-03D194FF178C}.Release|Any CPU.Build.0 = Release|Any CPU
		{1EF5FD26-FBD3-4A41-87F7-C52E7C440A63}.Debug|Any CPU.ActiveCfg = Debug|Any CPU
		{1EF5FD26-FBD3-4A41-87F7-C52E7C440A63}.Debug|Any CPU.Build.0 = Debug|Any CPU
		{1EF5FD26-FBD3-4A41-87F7-C52E7C440A63}.Release|Any CPU.ActiveCfg = Release|Any CPU
		{1EF5FD26-FBD3-4A41-87F7-C52E7C440A63}.Release|Any CPU.Build.0 = Release|Any CPU
		{F6B855F8-721E-474B-8CE8-46ECEDD6F465}.Debug|Any CPU.ActiveCfg = Debug|Any CPU
		{F6B855F8-721E-474B-8CE8-46ECEDD6F465}.Debug|Any CPU.Build.0 = Debug|Any CPU
		{F6B855F8-721E-474B-8CE8-46ECEDD6F465}.Release|Any CPU.ActiveCfg = Release|Any CPU
		{F6B855F8-721E-474B-8CE8-46ECEDD6F465}.Release|Any CPU.Build.0 = Release|Any CPU
		{5080E249-7415-4D5C-A41F-1B6FF59BD74D}.Debug|Any CPU.ActiveCfg = Debug|Any CPU
		{5080E249-7415-4D5C-A41F-1B6FF59BD74D}.Debug|Any CPU.Build.0 = Debug|Any CPU
		{5080E249-7415-4D5C-A41F-1B6FF59BD74D}.Release|Any CPU.ActiveCfg = Release|Any CPU
		{5080E249-7415-4D5C-A41F-1B6FF59BD74D}.Release|Any CPU.Build.0 = Release|Any CPU
		{53379D54-EB69-446E-A728-18B82BB38220}.Debug|Any CPU.ActiveCfg = Debug|Any CPU
		{53379D54-EB69-446E-A728-18B82BB38220}.Debug|Any CPU.Build.0 = Debug|Any CPU
		{53379D54-EB69-446E-A728-18B82BB38220}.Release|Any CPU.ActiveCfg = Release|Any CPU
		{53379D54-EB69-446E-A728-18B82BB38220}.Release|Any CPU.Build.0 = Release|Any CPU
		{FC57DB4C-624D-4F9F-81F9-3F363678B8C1}.Debug|Any CPU.ActiveCfg = Debug|Any CPU
		{FC57DB4C-624D-4F9F-81F9-3F363678B8C1}.Debug|Any CPU.Build.0 = Debug|Any CPU
		{FC57DB4C-624D-4F9F-81F9-3F363678B8C1}.Release|Any CPU.ActiveCfg = Release|Any CPU
		{FC57DB4C-624D-4F9F-81F9-3F363678B8C1}.Release|Any CPU.Build.0 = Release|Any CPU
	EndGlobalSection
	GlobalSection(SolutionProperties) = preSolution
		HideSolutionNode = FALSE
	EndGlobalSection
	GlobalSection(NestedProjects) = preSolution
		{B71EF083-7372-4020-A6F6-FA5B415EF742} = {9AF452CC-2729-497E-B1C5-3F870321409D}
		{B9BA4A4D-5763-48A0-B92C-6838170FF385} = {9AF452CC-2729-497E-B1C5-3F870321409D}
		{FBB69772-64CC-48B0-A1F3-03D194FF178C} = {3F10ACC5-DB56-4B6B-A43C-081E70AB0955}
		{F6B855F8-721E-474B-8CE8-46ECEDD6F465} = {3F10ACC5-DB56-4B6B-A43C-081E70AB0955}
		{5080E249-7415-4D5C-A41F-1B6FF59BD74D} = {9AF452CC-2729-497E-B1C5-3F870321409D}
		{53379D54-EB69-446E-A728-18B82BB38220} = {9AF452CC-2729-497E-B1C5-3F870321409D}
		{FC57DB4C-624D-4F9F-81F9-3F363678B8C1} = {9AF452CC-2729-497E-B1C5-3F870321409D}
	EndGlobalSection
	GlobalSection(ExtensibilityGlobals) = postSolution
		SolutionGuid = {2930F92D-F858-4440-803A-58A54BCEC62B}
	EndGlobalSection
EndGlobal
